
Microsoft Visual Studio Solution File, Format Version 12.00
# Visual Studio Version 16
VisualStudioVersion = 16.0.32228.343
MinimumVisualStudioVersion = 10.0.40219.1
Project("{2150E333-8FDC-42A3-9474-1A3956D46DE8}") = "Originals", "Originals", "{218EFA8C-069A-47D0-89B5-8A4679965425}"
EndProject
Project("{2150E333-8FDC-42A3-9474-1A3956D46DE8}") = "Test", "Test", "{F534C57F-165B-4552-A4D5-71DEA8D1C383}"
EndProject
Project("{9A19103F-16F7-4668-BE54-9A1E7A4F7556}") = "Question1", "Question1\Question1.csproj", "{20B7082E-C26B-4D09-8C68-95DD1187CCCF}"
EndProject
Project("{9A19103F-16F7-4668-BE54-9A1E7A4F7556}") = "Question2", "Question2\Question2.csproj", "{8E8E40B5-C4A6-4F90-A1C9-226BB2E925E7}"
EndProject
Project("{FAE04EC0-301F-11D3-BF4B-00C04F79EFBC}") = "Question2.Test", "Tests\Question2.Test\Question2.Test.csproj", "{8EA4C01B-C878-4954-96A1-7596E9B60C4A}"
EndProject
Global
	GlobalSection(SolutionConfigurationPlatforms) = preSolution
		Debug|Any CPU = Debug|Any CPU
		Release|Any CPU = Release|Any CPU
	EndGlobalSection
	GlobalSection(ProjectConfigurationPlatforms) = postSolution
		{20B7082E-C26B-4D09-8C68-95DD1187CCCF}.Debug|Any CPU.ActiveCfg = Debug|Any CPU
		{20B7082E-C26B-4D09-8C68-95DD1187CCCF}.Debug|Any CPU.Build.0 = Debug|Any CPU
		{20B7082E-C26B-4D09-8C68-95DD1187CCCF}.Release|Any CPU.ActiveCfg = Release|Any CPU
		{20B7082E-C26B-4D09-8C68-95DD1187CCCF}.Release|Any CPU.Build.0 = Release|Any CPU
		{8E8E40B5-C4A6-4F90-A1C9-226BB2E925E7}.Debug|Any CPU.ActiveCfg = Debug|Any CPU
		{8E8E40B5-C4A6-4F90-A1C9-226BB2E925E7}.Debug|Any CPU.Build.0 = Debug|Any CPU
		{8E8E40B5-C4A6-4F90-A1C9-226BB2E925E7}.Release|Any CPU.ActiveCfg = Release|Any CPU
		{8E8E40B5-C4A6-4F90-A1C9-226BB2E925E7}.Release|Any CPU.Build.0 = Release|Any CPU
		{8EA4C01B-C878-4954-96A1-7596E9B60C4A}.Debug|Any CPU.ActiveCfg = Debug|Any CPU
		{8EA4C01B-C878-4954-96A1-7596E9B60C4A}.Debug|Any CPU.Build.0 = Debug|Any CPU
		{8EA4C01B-C878-4954-96A1-7596E9B60C4A}.Release|Any CPU.ActiveCfg = Release|Any CPU
		{8EA4C01B-C878-4954-96A1-7596E9B60C4A}.Release|Any CPU.Build.0 = Release|Any CPU
	EndGlobalSection
	GlobalSection(SolutionProperties) = preSolution
		HideSolutionNode = FALSE
	EndGlobalSection
	GlobalSection(NestedProjects) = preSolution
		{20B7082E-C26B-4D09-8C68-95DD1187CCCF} = {218EFA8C-069A-47D0-89B5-8A4679965425}
		{8E8E40B5-C4A6-4F90-A1C9-226BB2E925E7} = {218EFA8C-069A-47D0-89B5-8A4679965425}
		{8EA4C01B-C878-4954-96A1-7596E9B60C4A} = {F534C57F-165B-4552-A4D5-71DEA8D1C383}
	EndGlobalSection
	GlobalSection(ExtensibilityGlobals) = postSolution
		SolutionGuid = {937B24BE-09C2-47F5-9867-A1F42DA8FA1F}
	EndGlobalSection
EndGlobal
